
Microsoft Visual Studio Solution File, Format Version 12.00
# Visual Studio Version 17
VisualStudioVersion = 17.3.32811.315
MinimumVisualStudioVersion = 10.0.40219.1
Project("{FAE04EC0-301F-11D3-BF4B-00C04F79EFBC}") = "Presentacion", "Presentacion\Presentacion.csproj", "{B1FD6736-03E9-43DE-9158-E5B0BC407853}"
EndProject
Project("{FAE04EC0-301F-11D3-BF4B-00C04F79EFBC}") = "Negocio", "Negocio\Negocio.csproj", "{4436B9A0-57B2-4344-93E3-63B7A81A12AD}"
EndProject
Project("{FAE04EC0-301F-11D3-BF4B-00C04F79EFBC}") = "Dominio", "Dominio\Dominio.csproj", "{FB36A58F-58DF-4BDC-9E95-D9530B36287D}"
EndProject
Project("{FAE04EC0-301F-11D3-BF4B-00C04F79EFBC}") = "Ayudas", "Ayudas\Ayudas.csproj", "{E091BDBF-EBD7-44C8-9D09-9FE525DF40A8}"
EndProject
Global
	GlobalSection(SolutionConfigurationPlatforms) = preSolution
		Debug|Any CPU = Debug|Any CPU
		Release|Any CPU = Release|Any CPU
	EndGlobalSection
	GlobalSection(ProjectConfigurationPlatforms) = postSolution
		{B1FD6736-03E9-43DE-9158-E5B0BC407853}.Debug|Any CPU.ActiveCfg = Debug|Any CPU
		{B1FD6736-03E9-43DE-9158-E5B0BC407853}.Debug|Any CPU.Build.0 = Debug|Any CPU
		{B1FD6736-03E9-43DE-9158-E5B0BC407853}.Release|Any CPU.ActiveCfg = Release|Any CPU
		{B1FD6736-03E9-43DE-9158-E5B0BC407853}.Release|Any CPU.Build.0 = Release|Any CPU
		{4436B9A0-57B2-4344-93E3-63B7A81A12AD}.Debug|Any CPU.ActiveCfg = Debug|Any CPU
		{4436B9A0-57B2-4344-93E3-63B7A81A12AD}.Debug|Any CPU.Build.0 = Debug|Any CPU
		{4436B9A0-57B2-4344-93E3-63B7A81A12AD}.Release|Any CPU.ActiveCfg = Release|Any CPU
		{4436B9A0-57B2-4344-93E3-63B7A81A12AD}.Release|Any CPU.Build.0 = Release|Any CPU
		{FB36A58F-58DF-4BDC-9E95-D9530B36287D}.Debug|Any CPU.ActiveCfg = Debug|Any CPU
		{FB36A58F-58DF-4BDC-9E95-D9530B36287D}.Debug|Any CPU.Build.0 = Debug|Any CPU
		{FB36A58F-58DF-4BDC-9E95-D9530B36287D}.Release|Any CPU.ActiveCfg = Release|Any CPU
		{FB36A58F-58DF-4BDC-9E95-D9530B36287D}.Release|Any CPU.Build.0 = Release|Any CPU
		{E091BDBF-EBD7-44C8-9D09-9FE525DF40A8}.Debug|Any CPU.ActiveCfg = Debug|Any CPU
		{E091BDBF-EBD7-44C8-9D09-9FE525DF40A8}.Debug|Any CPU.Build.0 = Debug|Any CPU
		{E091BDBF-EBD7-44C8-9D09-9FE525DF40A8}.Release|Any CPU.ActiveCfg = Release|Any CPU
		{E091BDBF-EBD7-44C8-9D09-9FE525DF40A8}.Release|Any CPU.Build.0 = Release|Any CPU
	EndGlobalSection
	GlobalSection(SolutionProperties) = preSolution
		HideSolutionNode = FALSE
	EndGlobalSection
	GlobalSection(ExtensibilityGlobals) = postSolution
		SolutionGuid = {0CCD9218-7760-4669-B612-10AF386085B4}
	EndGlobalSection
EndGlobal
